
Microsoft Visual Studio Solution File, Format Version 12.00
# Visual Studio Version 16
VisualStudioVersion = 16.0.31205.134
MinimumVisualStudioVersion = 10.0.40219.1
Project("{FAE04EC0-301F-11D3-BF4B-00C04F79EFBC}") = "CommonLibrary.DataHelper", "CommonLibrary.DataHelper\CommonLibrary.DataHelper.csproj", "{EE2E1D9A-9D77-43C8-8DA2-3D3E807AEEA2}"
EndProject
Project("{FAE04EC0-301F-11D3-BF4B-00C04F79EFBC}") = "CommonLibrary.Controls", "Controls\CommonLibrary.Controls.csproj", "{11700B8F-4350-4224-85C8-BED51BD1CF74}"
EndProject
Project("{FAE04EC0-301F-11D3-BF4B-00C04F79EFBC}") = "CommonLibrary.Manager", "Manager\CommonLibrary.Manager.csproj", "{9C47FF7C-8C06-49FC-8A5D-9D4100B23F4D}"
EndProject
Project("{FAE04EC0-301F-11D3-BF4B-00C04F79EFBC}") = "CommonLibrary.Layout", "Layout\CommonLibrary.Layout.csproj", "{354BAEBE-9768-48BC-BD3B-DAEAE3452875}"
EndProject
Project("{FAE04EC0-301F-11D3-BF4B-00C04F79EFBC}") = "CommonLibrary.ExtensionUtils", "CommonLibrary.ExtensionUtils\CommonLibrary.ExtensionUtils.csproj", "{83528F3C-C38B-4BB6-80D5-F11CF52584AB}"
EndProject
Global
	GlobalSection(SolutionConfigurationPlatforms) = preSolution
		Debug|Any CPU = Debug|Any CPU
		Release|Any CPU = Release|Any CPU
	EndGlobalSection
	GlobalSection(ProjectConfigurationPlatforms) = postSolution
		{EE2E1D9A-9D77-43C8-8DA2-3D3E807AEEA2}.Debug|Any CPU.ActiveCfg = Debug|Any CPU
		{EE2E1D9A-9D77-43C8-8DA2-3D3E807AEEA2}.Debug|Any CPU.Build.0 = Debug|Any CPU
		{EE2E1D9A-9D77-43C8-8DA2-3D3E807AEEA2}.Release|Any CPU.ActiveCfg = Release|Any CPU
		{EE2E1D9A-9D77-43C8-8DA2-3D3E807AEEA2}.Release|Any CPU.Build.0 = Release|Any CPU
		{11700B8F-4350-4224-85C8-BED51BD1CF74}.Debug|Any CPU.ActiveCfg = Debug|Any CPU
		{11700B8F-4350-4224-85C8-BED51BD1CF74}.Debug|Any CPU.Build.0 = Debug|Any CPU
		{11700B8F-4350-4224-85C8-BED51BD1CF74}.Release|Any CPU.ActiveCfg = Release|Any CPU
		{11700B8F-4350-4224-85C8-BED51BD1CF74}.Release|Any CPU.Build.0 = Release|Any CPU
		{9C47FF7C-8C06-49FC-8A5D-9D4100B23F4D}.Debug|Any CPU.ActiveCfg = Debug|Any CPU
		{9C47FF7C-8C06-49FC-8A5D-9D4100B23F4D}.Debug|Any CPU.Build.0 = Debug|Any CPU
		{9C47FF7C-8C06-49FC-8A5D-9D4100B23F4D}.Release|Any CPU.ActiveCfg = Release|Any CPU
		{9C47FF7C-8C06-49FC-8A5D-9D4100B23F4D}.Release|Any CPU.Build.0 = Release|Any CPU
		{354BAEBE-9768-48BC-BD3B-DAEAE3452875}.Debug|Any CPU.ActiveCfg = Debug|Any CPU
		{354BAEBE-9768-48BC-BD3B-DAEAE3452875}.Debug|Any CPU.Build.0 = Debug|Any CPU
		{354BAEBE-9768-48BC-BD3B-DAEAE3452875}.Release|Any CPU.ActiveCfg = Release|Any CPU
		{354BAEBE-9768-48BC-BD3B-DAEAE3452875}.Release|Any CPU.Build.0 = Release|Any CPU
		{83528F3C-C38B-4BB6-80D5-F11CF52584AB}.Debug|Any CPU.ActiveCfg = Debug|Any CPU
		{83528F3C-C38B-4BB6-80D5-F11CF52584AB}.Debug|Any CPU.Build.0 = Debug|Any CPU
		{83528F3C-C38B-4BB6-80D5-F11CF52584AB}.Release|Any CPU.ActiveCfg = Release|Any CPU
		{83528F3C-C38B-4BB6-80D5-F11CF52584AB}.Release|Any CPU.Build.0 = Release|Any CPU
	EndGlobalSection
	GlobalSection(SolutionProperties) = preSolution
		HideSolutionNode = FALSE
	EndGlobalSection
	GlobalSection(ExtensibilityGlobals) = postSolution
		SolutionGuid = {89B744D1-1D35-499C-B0C8-06A42E8834A3}
	EndGlobalSection
EndGlobal
