
Microsoft Visual Studio Solution File, Format Version 12.00
# Visual Studio Version 16
VisualStudioVersion = 16.0.31205.134
MinimumVisualStudioVersion = 10.0.40219.1
Project("{FAE04EC0-301F-11D3-BF4B-00C04F79EFBC}") = "UIControl.HalconVision", "UIControl.HalconVision\UIControl.HalconVision.csproj", "{6F1E2DEA-2EF0-4E7F-AE68-1E34A7A148BA}"
EndProject
Project("{FAE04EC0-301F-11D3-BF4B-00C04F79EFBC}") = "UIControl.Common", "UIControl.Common\UIControl.Common.csproj", "{E2CBE2FA-7F7A-47D2-99DB-C0B0B0DD39FE}"
EndProject
Global
	GlobalSection(SolutionConfigurationPlatforms) = preSolution
		Debug|Any CPU = Debug|Any CPU
		Release|Any CPU = Release|Any CPU
	EndGlobalSection
	GlobalSection(ProjectConfigurationPlatforms) = postSolution
		{6F1E2DEA-2EF0-4E7F-AE68-1E34A7A148BA}.Debug|Any CPU.ActiveCfg = Debug|Any CPU
		{6F1E2DEA-2EF0-4E7F-AE68-1E34A7A148BA}.Debug|Any CPU.Build.0 = Debug|Any CPU
		{6F1E2DEA-2EF0-4E7F-AE68-1E34A7A148BA}.Release|Any CPU.ActiveCfg = Release|Any CPU
		{6F1E2DEA-2EF0-4E7F-AE68-1E34A7A148BA}.Release|Any CPU.Build.0 = Release|Any CPU
		{E2CBE2FA-7F7A-47D2-99DB-C0B0B0DD39FE}.Debug|Any CPU.ActiveCfg = Debug|Any CPU
		{E2CBE2FA-7F7A-47D2-99DB-C0B0B0DD39FE}.Debug|Any CPU.Build.0 = Debug|Any CPU
		{E2CBE2FA-7F7A-47D2-99DB-C0B0B0DD39FE}.Release|Any CPU.ActiveCfg = Release|Any CPU
		{E2CBE2FA-7F7A-47D2-99DB-C0B0B0DD39FE}.Release|Any CPU.Build.0 = Release|Any CPU
	EndGlobalSection
	GlobalSection(SolutionProperties) = preSolution
		HideSolutionNode = FALSE
	EndGlobalSection
	GlobalSection(ExtensibilityGlobals) = postSolution
		SolutionGuid = {7B56491F-7456-4C36-8625-6A0AE9B40B79}
	EndGlobalSection
EndGlobal
