
Microsoft Visual Studio Solution File, Format Version 12.00
# Visual Studio Version 16
VisualStudioVersion = 16.0.31205.134
MinimumVisualStudioVersion = 10.0.40219.1
Project("{FAE04EC0-301F-11D3-BF4B-00C04F79EFBC}") = "CommonLibrary.Controls", "..\CommonLibrary\Controls\CommonLibrary.Controls.csproj", "{11700B8F-4350-4224-85C8-BED51BD1CF74}"
EndProject
Project("{FAE04EC0-301F-11D3-BF4B-00C04F79EFBC}") = "CommonLibrary.Layout", "..\CommonLibrary\Layout\CommonLibrary.Layout.csproj", "{354BAEBE-9768-48BC-BD3B-DAEAE3452875}"
EndProject
Project("{FAE04EC0-301F-11D3-BF4B-00C04F79EFBC}") = "CommonLibrary.Manager", "..\CommonLibrary\Manager\CommonLibrary.Manager.csproj", "{9C47FF7C-8C06-49FC-8A5D-9D4100B23F4D}"
EndProject
Project("{FAE04EC0-301F-11D3-BF4B-00C04F79EFBC}") = "Halcon.Functions", "..\Halcon\Functions\Halcon.Functions.csproj", "{CC812E78-9DAD-476C-BB2F-95E9C3BBD727}"
	ProjectSection(ProjectDependencies) = postProject
		{83528F3C-C38B-4BB6-80D5-F11CF52584AB} = {83528F3C-C38B-4BB6-80D5-F11CF52584AB}
		{9C47FF7C-8C06-49FC-8A5D-9D4100B23F4D} = {9C47FF7C-8C06-49FC-8A5D-9D4100B23F4D}
	EndProjectSection
EndProject
Project("{FAE04EC0-301F-11D3-BF4B-00C04F79EFBC}") = "Halcon.AutoCircleCalibration", "..\Halcon\Halcon.AutoCircleCalibration\Halcon.AutoCircleCalibration.csproj", "{10F041C1-56D5-4D00-B4A9-8D8A0B15229F}"
	ProjectSection(ProjectDependencies) = postProject
		{CC812E78-9DAD-476C-BB2F-95E9C3BBD727} = {CC812E78-9DAD-476C-BB2F-95E9C3BBD727}
	EndProjectSection
EndProject
Project("{FAE04EC0-301F-11D3-BF4B-00C04F79EFBC}") = "Halcon.BinaryThreshold", "..\Halcon\Halcon.BinaryThreshold\Halcon.BinaryThreshold.csproj", "{D6E95922-0B24-464A-981F-FD5C05D0391A}"
	ProjectSection(ProjectDependencies) = postProject
		{CC812E78-9DAD-476C-BB2F-95E9C3BBD727} = {CC812E78-9DAD-476C-BB2F-95E9C3BBD727}
		{11700B8F-4350-4224-85C8-BED51BD1CF74} = {11700B8F-4350-4224-85C8-BED51BD1CF74}
	EndProjectSection
EndProject
Project("{FAE04EC0-301F-11D3-BF4B-00C04F79EFBC}") = "Halcon.CoordinateConversion", "..\Halcon\Halcon.CoordinateConversion\Halcon.CoordinateConversion.csproj", "{11BCD3BC-6F0A-44F9-8D43-38B186BD0123}"
	ProjectSection(ProjectDependencies) = postProject
		{CC812E78-9DAD-476C-BB2F-95E9C3BBD727} = {CC812E78-9DAD-476C-BB2F-95E9C3BBD727}
	EndProjectSection
EndProject
Project("{FAE04EC0-301F-11D3-BF4B-00C04F79EFBC}") = "Halcon.Delay", "..\Halcon\Halcon.Delay\Halcon.Delay.csproj", "{C1301872-19AD-4AD9-BD96-5D5460804200}"
	ProjectSection(ProjectDependencies) = postProject
		{CC812E78-9DAD-476C-BB2F-95E9C3BBD727} = {CC812E78-9DAD-476C-BB2F-95E9C3BBD727}
	EndProjectSection
EndProject
Project("{FAE04EC0-301F-11D3-BF4B-00C04F79EFBC}") = "Halcon.FindCircle", "..\Halcon\Halcon.FindCircle\Halcon.FindCircle.csproj", "{BC0FC24C-3698-4A5B-A792-058CBDEB0540}"
	ProjectSection(ProjectDependencies) = postProject
		{CC812E78-9DAD-476C-BB2F-95E9C3BBD727} = {CC812E78-9DAD-476C-BB2F-95E9C3BBD727}
		{11700B8F-4350-4224-85C8-BED51BD1CF74} = {11700B8F-4350-4224-85C8-BED51BD1CF74}
	EndProjectSection
EndProject
Project("{FAE04EC0-301F-11D3-BF4B-00C04F79EFBC}") = "Halcon.FindLine", "..\Halcon\Halcon.FindLine\Halcon.FindLine.csproj", "{5A7B8960-C33D-4CA1-8403-B6954E70B2FC}"
	ProjectSection(ProjectDependencies) = postProject
		{CC812E78-9DAD-476C-BB2F-95E9C3BBD727} = {CC812E78-9DAD-476C-BB2F-95E9C3BBD727}
		{11700B8F-4350-4224-85C8-BED51BD1CF74} = {11700B8F-4350-4224-85C8-BED51BD1CF74}
	EndProjectSection
EndProject
Project("{FAE04EC0-301F-11D3-BF4B-00C04F79EFBC}") = "Halcon.GrayMatch", "..\Halcon\Halcon.GrayMatch\Halcon.GrayMatch.csproj", "{57AAE941-D647-45AC-91BB-EEFB32559859}"
	ProjectSection(ProjectDependencies) = postProject
		{CC812E78-9DAD-476C-BB2F-95E9C3BBD727} = {CC812E78-9DAD-476C-BB2F-95E9C3BBD727}
	EndProjectSection
EndProject
Project("{FAE04EC0-301F-11D3-BF4B-00C04F79EFBC}") = "Halcon.HysteresisThreshold", "..\Halcon\Halcon.HysteresisThreshold\Halcon.HysteresisThreshold.csproj", "{3EDAEFBC-4368-4A14-90AE-ECABF9CBB61A}"
	ProjectSection(ProjectDependencies) = postProject
		{CC812E78-9DAD-476C-BB2F-95E9C3BBD727} = {CC812E78-9DAD-476C-BB2F-95E9C3BBD727}
		{11700B8F-4350-4224-85C8-BED51BD1CF74} = {11700B8F-4350-4224-85C8-BED51BD1CF74}
	EndProjectSection
EndProject
Project("{FAE04EC0-301F-11D3-BF4B-00C04F79EFBC}") = "Halcon.LinesIntersection", "..\Halcon\Halcon.LinesIntersection\Halcon.LinesIntersection.csproj", "{7A06ACBC-BA5E-4D49-A649-5B38595F52C6}"
	ProjectSection(ProjectDependencies) = postProject
		{CC812E78-9DAD-476C-BB2F-95E9C3BBD727} = {CC812E78-9DAD-476C-BB2F-95E9C3BBD727}
	EndProjectSection
EndProject
Project("{FAE04EC0-301F-11D3-BF4B-00C04F79EFBC}") = "Halcon.LocalThreshold", "..\Halcon\Halcon.LocalThreshold\Halcon.LocalThreshold.csproj", "{0C483EA2-3783-4DF8-A415-060A833C187C}"
	ProjectSection(ProjectDependencies) = postProject
		{CC812E78-9DAD-476C-BB2F-95E9C3BBD727} = {CC812E78-9DAD-476C-BB2F-95E9C3BBD727}
		{11700B8F-4350-4224-85C8-BED51BD1CF74} = {11700B8F-4350-4224-85C8-BED51BD1CF74}
	EndProjectSection
EndProject
Project("{FAE04EC0-301F-11D3-BF4B-00C04F79EFBC}") = "Halcon.ManualCalibration", "..\Halcon\Halcon.ManualCalibration\Halcon.ManualCalibration.csproj", "{D91943BD-32EA-4908-A1C2-44E2307FD5C7}"
	ProjectSection(ProjectDependencies) = postProject
		{83528F3C-C38B-4BB6-80D5-F11CF52584AB} = {83528F3C-C38B-4BB6-80D5-F11CF52584AB}
		{CC812E78-9DAD-476C-BB2F-95E9C3BBD727} = {CC812E78-9DAD-476C-BB2F-95E9C3BBD727}
	EndProjectSection
EndProject
Project("{FAE04EC0-301F-11D3-BF4B-00C04F79EFBC}") = "Halcon.NoROI", "..\Halcon\Halcon.NoROI\Halcon.NoROI.csproj", "{EF80B7F5-ED4F-4CD8-8797-4D5F09DA4A38}"
	ProjectSection(ProjectDependencies) = postProject
		{CC812E78-9DAD-476C-BB2F-95E9C3BBD727} = {CC812E78-9DAD-476C-BB2F-95E9C3BBD727}
	EndProjectSection
EndProject
Project("{FAE04EC0-301F-11D3-BF4B-00C04F79EFBC}") = "Halcon.PointLineIntersection", "..\Halcon\Halcon.PointLineIntersection\Halcon.PointLineIntersection.csproj", "{DA4AE685-8DFC-4C14-BAE9-2BA813E4E52F}"
	ProjectSection(ProjectDependencies) = postProject
		{CC812E78-9DAD-476C-BB2F-95E9C3BBD727} = {CC812E78-9DAD-476C-BB2F-95E9C3BBD727}
	EndProjectSection
EndProject
Project("{FAE04EC0-301F-11D3-BF4B-00C04F79EFBC}") = "Halcon.ReadImage", "..\Halcon\Halcon.ReadImage\Halcon.ReadImage.csproj", "{FFDEEA6D-56B6-4924-9653-1FEF3D585168}"
	ProjectSection(ProjectDependencies) = postProject
		{CC812E78-9DAD-476C-BB2F-95E9C3BBD727} = {CC812E78-9DAD-476C-BB2F-95E9C3BBD727}
	EndProjectSection
EndProject
Project("{FAE04EC0-301F-11D3-BF4B-00C04F79EFBC}") = "Halcon.ROI", "..\Halcon\Halcon.ROI\Halcon.ROI.csproj", "{5CD3C230-0A5E-4602-B8D4-1A0AAFBCF3A8}"
	ProjectSection(ProjectDependencies) = postProject
		{CC812E78-9DAD-476C-BB2F-95E9C3BBD727} = {CC812E78-9DAD-476C-BB2F-95E9C3BBD727}
	EndProjectSection
EndProject
Project("{FAE04EC0-301F-11D3-BF4B-00C04F79EFBC}") = "Halcon.RgbToGray", "..\Halcon\Halcon.RgbToGray\Halcon.RgbToGray.csproj", "{69851E40-5518-4DA4-958D-BD846A1C23F3}"
	ProjectSection(ProjectDependencies) = postProject
		{CC812E78-9DAD-476C-BB2F-95E9C3BBD727} = {CC812E78-9DAD-476C-BB2F-95E9C3BBD727}
	EndProjectSection
EndProject
Project("{FAE04EC0-301F-11D3-BF4B-00C04F79EFBC}") = "Halcon.ShapeMatch", "..\Halcon\Halcon.ShapeMatch\Halcon.ShapeMatch.csproj", "{04416D59-DDB1-4803-B3B9-21E93C31E141}"
	ProjectSection(ProjectDependencies) = postProject
		{CC812E78-9DAD-476C-BB2F-95E9C3BBD727} = {CC812E78-9DAD-476C-BB2F-95E9C3BBD727}
	EndProjectSection
EndProject
Project("{FAE04EC0-301F-11D3-BF4B-00C04F79EFBC}") = "Halcon.TextShow", "..\Halcon\Halcon.TextShow\Halcon.TextShow.csproj", "{B3C09A0B-0F89-4D14-AE14-BF445A8C292D}"
	ProjectSection(ProjectDependencies) = postProject
		{CC812E78-9DAD-476C-BB2F-95E9C3BBD727} = {CC812E78-9DAD-476C-BB2F-95E9C3BBD727}
		{11700B8F-4350-4224-85C8-BED51BD1CF74} = {11700B8F-4350-4224-85C8-BED51BD1CF74}
	EndProjectSection
EndProject
Project("{FAE04EC0-301F-11D3-BF4B-00C04F79EFBC}") = "Halcon.Threshold", "..\Halcon\Halcon.Threshold\Halcon.Threshold.csproj", "{3D32D995-6258-42D2-AE06-0A075CB1B00C}"
	ProjectSection(ProjectDependencies) = postProject
		{CC812E78-9DAD-476C-BB2F-95E9C3BBD727} = {CC812E78-9DAD-476C-BB2F-95E9C3BBD727}
		{11700B8F-4350-4224-85C8-BED51BD1CF74} = {11700B8F-4350-4224-85C8-BED51BD1CF74}
	EndProjectSection
EndProject
Project("{FAE04EC0-301F-11D3-BF4B-00C04F79EFBC}") = "Halcon.XLDMatch", "..\Halcon\Halcon.XLDMatch\Halcon.XLDMatch.csproj", "{5E00B9C9-4C6D-49A6-84BD-4DC7C1938DDD}"
	ProjectSection(ProjectDependencies) = postProject
		{CC812E78-9DAD-476C-BB2F-95E9C3BBD727} = {CC812E78-9DAD-476C-BB2F-95E9C3BBD727}
	EndProjectSection
EndProject
Project("{FAE04EC0-301F-11D3-BF4B-00C04F79EFBC}") = "UIControl.Common", "..\UIControl\UIControl.Common\UIControl.Common.csproj", "{E2CBE2FA-7F7A-47D2-99DB-C0B0B0DD39FE}"
	ProjectSection(ProjectDependencies) = postProject
		{83528F3C-C38B-4BB6-80D5-F11CF52584AB} = {83528F3C-C38B-4BB6-80D5-F11CF52584AB}
		{9C47FF7C-8C06-49FC-8A5D-9D4100B23F4D} = {9C47FF7C-8C06-49FC-8A5D-9D4100B23F4D}
	EndProjectSection
EndProject
Project("{FAE04EC0-301F-11D3-BF4B-00C04F79EFBC}") = "UIControl.HalconVision", "..\UIControl\UIControl.HalconVision\UIControl.HalconVision.csproj", "{6F1E2DEA-2EF0-4E7F-AE68-1E34A7A148BA}"
	ProjectSection(ProjectDependencies) = postProject
		{CC812E78-9DAD-476C-BB2F-95E9C3BBD727} = {CC812E78-9DAD-476C-BB2F-95E9C3BBD727}
		{9C47FF7C-8C06-49FC-8A5D-9D4100B23F4D} = {9C47FF7C-8C06-49FC-8A5D-9D4100B23F4D}
	EndProjectSection
EndProject
Project("{2150E333-8FDC-42A3-9474-1A3956D46DE8}") = "CommonLibrary", "CommonLibrary", "{929867EE-3D83-4C76-893B-425C28DDF801}"
EndProject
Project("{2150E333-8FDC-42A3-9474-1A3956D46DE8}") = "Halcon", "Halcon", "{970F2FD6-05BF-45CE-82BE-0C449265508C}"
EndProject
Project("{2150E333-8FDC-42A3-9474-1A3956D46DE8}") = "UIControl", "UIControl", "{238F4540-F713-45B0-B621-0F99455B61AC}"
EndProject
Project("{FAE04EC0-301F-11D3-BF4B-00C04F79EFBC}") = "CommonLibrary.ExtensionUtils", "..\CommonLibrary\CommonLibrary.ExtensionUtils\CommonLibrary.ExtensionUtils.csproj", "{83528F3C-C38B-4BB6-80D5-F11CF52584AB}"
EndProject
Project("{FAE04EC0-301F-11D3-BF4B-00C04F79EFBC}") = "CommonLibrary.DataHelper", "..\CommonLibrary\CommonLibrary.DataHelper\CommonLibrary.DataHelper.csproj", "{EE2E1D9A-9D77-43C8-8DA2-3D3E807AEEA2}"
EndProject
Global
	GlobalSection(SolutionConfigurationPlatforms) = preSolution
		Debug|Any CPU = Debug|Any CPU
		Release|Any CPU = Release|Any CPU
	EndGlobalSection
	GlobalSection(ProjectConfigurationPlatforms) = postSolution
		{11700B8F-4350-4224-85C8-BED51BD1CF74}.Debug|Any CPU.ActiveCfg = Debug|Any CPU
		{11700B8F-4350-4224-85C8-BED51BD1CF74}.Debug|Any CPU.Build.0 = Debug|Any CPU
		{11700B8F-4350-4224-85C8-BED51BD1CF74}.Release|Any CPU.ActiveCfg = Release|Any CPU
		{11700B8F-4350-4224-85C8-BED51BD1CF74}.Release|Any CPU.Build.0 = Release|Any CPU
		{354BAEBE-9768-48BC-BD3B-DAEAE3452875}.Debug|Any CPU.ActiveCfg = Debug|Any CPU
		{354BAEBE-9768-48BC-BD3B-DAEAE3452875}.Debug|Any CPU.Build.0 = Debug|Any CPU
		{354BAEBE-9768-48BC-BD3B-DAEAE3452875}.Release|Any CPU.ActiveCfg = Release|Any CPU
		{354BAEBE-9768-48BC-BD3B-DAEAE3452875}.Release|Any CPU.Build.0 = Release|Any CPU
		{9C47FF7C-8C06-49FC-8A5D-9D4100B23F4D}.Debug|Any CPU.ActiveCfg = Debug|Any CPU
		{9C47FF7C-8C06-49FC-8A5D-9D4100B23F4D}.Debug|Any CPU.Build.0 = Debug|Any CPU
		{9C47FF7C-8C06-49FC-8A5D-9D4100B23F4D}.Release|Any CPU.ActiveCfg = Release|Any CPU
		{9C47FF7C-8C06-49FC-8A5D-9D4100B23F4D}.Release|Any CPU.Build.0 = Release|Any CPU
		{CC812E78-9DAD-476C-BB2F-95E9C3BBD727}.Debug|Any CPU.ActiveCfg = Debug|Any CPU
		{CC812E78-9DAD-476C-BB2F-95E9C3BBD727}.Debug|Any CPU.Build.0 = Debug|Any CPU
		{CC812E78-9DAD-476C-BB2F-95E9C3BBD727}.Release|Any CPU.ActiveCfg = Release|Any CPU
		{CC812E78-9DAD-476C-BB2F-95E9C3BBD727}.Release|Any CPU.Build.0 = Release|Any CPU
		{10F041C1-56D5-4D00-B4A9-8D8A0B15229F}.Debug|Any CPU.ActiveCfg = Debug|Any CPU
		{10F041C1-56D5-4D00-B4A9-8D8A0B15229F}.Debug|Any CPU.Build.0 = Debug|Any CPU
		{10F041C1-56D5-4D00-B4A9-8D8A0B15229F}.Release|Any CPU.ActiveCfg = Release|Any CPU
		{10F041C1-56D5-4D00-B4A9-8D8A0B15229F}.Release|Any CPU.Build.0 = Release|Any CPU
		{D6E95922-0B24-464A-981F-FD5C05D0391A}.Debug|Any CPU.ActiveCfg = Debug|Any CPU
		{D6E95922-0B24-464A-981F-FD5C05D0391A}.Debug|Any CPU.Build.0 = Debug|Any CPU
		{D6E95922-0B24-464A-981F-FD5C05D0391A}.Release|Any CPU.ActiveCfg = Release|Any CPU
		{D6E95922-0B24-464A-981F-FD5C05D0391A}.Release|Any CPU.Build.0 = Release|Any CPU
		{11BCD3BC-6F0A-44F9-8D43-38B186BD0123}.Debug|Any CPU.ActiveCfg = Debug|Any CPU
		{11BCD3BC-6F0A-44F9-8D43-38B186BD0123}.Debug|Any CPU.Build.0 = Debug|Any CPU
		{11BCD3BC-6F0A-44F9-8D43-38B186BD0123}.Release|Any CPU.ActiveCfg = Release|Any CPU
		{11BCD3BC-6F0A-44F9-8D43-38B186BD0123}.Release|Any CPU.Build.0 = Release|Any CPU
		{C1301872-19AD-4AD9-BD96-5D5460804200}.Debug|Any CPU.ActiveCfg = Debug|Any CPU
		{C1301872-19AD-4AD9-BD96-5D5460804200}.Debug|Any CPU.Build.0 = Debug|Any CPU
		{C1301872-19AD-4AD9-BD96-5D5460804200}.Release|Any CPU.ActiveCfg = Release|Any CPU
		{C1301872-19AD-4AD9-BD96-5D5460804200}.Release|Any CPU.Build.0 = Release|Any CPU
		{BC0FC24C-3698-4A5B-A792-058CBDEB0540}.Debug|Any CPU.ActiveCfg = Debug|Any CPU
		{BC0FC24C-3698-4A5B-A792-058CBDEB0540}.Debug|Any CPU.Build.0 = Debug|Any CPU
		{BC0FC24C-3698-4A5B-A792-058CBDEB0540}.Release|Any CPU.ActiveCfg = Release|Any CPU
		{BC0FC24C-3698-4A5B-A792-058CBDEB0540}.Release|Any CPU.Build.0 = Release|Any CPU
		{5A7B8960-C33D-4CA1-8403-B6954E70B2FC}.Debug|Any CPU.ActiveCfg = Debug|Any CPU
		{5A7B8960-C33D-4CA1-8403-B6954E70B2FC}.Debug|Any CPU.Build.0 = Debug|Any CPU
		{5A7B8960-C33D-4CA1-8403-B6954E70B2FC}.Release|Any CPU.ActiveCfg = Release|Any CPU
		{5A7B8960-C33D-4CA1-8403-B6954E70B2FC}.Release|Any CPU.Build.0 = Release|Any CPU
		{57AAE941-D647-45AC-91BB-EEFB32559859}.Debug|Any CPU.ActiveCfg = Debug|Any CPU
		{57AAE941-D647-45AC-91BB-EEFB32559859}.Debug|Any CPU.Build.0 = Debug|Any CPU
		{57AAE941-D647-45AC-91BB-EEFB32559859}.Release|Any CPU.ActiveCfg = Release|Any CPU
		{57AAE941-D647-45AC-91BB-EEFB32559859}.Release|Any CPU.Build.0 = Release|Any CPU
		{3EDAEFBC-4368-4A14-90AE-ECABF9CBB61A}.Debug|Any CPU.ActiveCfg = Debug|Any CPU
		{3EDAEFBC-4368-4A14-90AE-ECABF9CBB61A}.Debug|Any CPU.Build.0 = Debug|Any CPU
		{3EDAEFBC-4368-4A14-90AE-ECABF9CBB61A}.Release|Any CPU.ActiveCfg = Release|Any CPU
		{3EDAEFBC-4368-4A14-90AE-ECABF9CBB61A}.Release|Any CPU.Build.0 = Release|Any CPU
		{7A06ACBC-BA5E-4D49-A649-5B38595F52C6}.Debug|Any CPU.ActiveCfg = Debug|Any CPU
		{7A06ACBC-BA5E-4D49-A649-5B38595F52C6}.Debug|Any CPU.Build.0 = Debug|Any CPU
		{7A06ACBC-BA5E-4D49-A649-5B38595F52C6}.Release|Any CPU.ActiveCfg = Release|Any CPU
		{7A06ACBC-BA5E-4D49-A649-5B38595F52C6}.Release|Any CPU.Build.0 = Release|Any CPU
		{0C483EA2-3783-4DF8-A415-060A833C187C}.Debug|Any CPU.ActiveCfg = Debug|Any CPU
		{0C483EA2-3783-4DF8-A415-060A833C187C}.Debug|Any CPU.Build.0 = Debug|Any CPU
		{0C483EA2-3783-4DF8-A415-060A833C187C}.Release|Any CPU.ActiveCfg = Release|Any CPU
		{0C483EA2-3783-4DF8-A415-060A833C187C}.Release|Any CPU.Build.0 = Release|Any CPU
		{D91943BD-32EA-4908-A1C2-44E2307FD5C7}.Debug|Any CPU.ActiveCfg = Debug|Any CPU
		{D91943BD-32EA-4908-A1C2-44E2307FD5C7}.Debug|Any CPU.Build.0 = Debug|Any CPU
		{D91943BD-32EA-4908-A1C2-44E2307FD5C7}.Release|Any CPU.ActiveCfg = Release|Any CPU
		{D91943BD-32EA-4908-A1C2-44E2307FD5C7}.Release|Any CPU.Build.0 = Release|Any CPU
		{EF80B7F5-ED4F-4CD8-8797-4D5F09DA4A38}.Debug|Any CPU.ActiveCfg = Debug|Any CPU
		{EF80B7F5-ED4F-4CD8-8797-4D5F09DA4A38}.Debug|Any CPU.Build.0 = Debug|Any CPU
		{EF80B7F5-ED4F-4CD8-8797-4D5F09DA4A38}.Release|Any CPU.ActiveCfg = Release|Any CPU
		{EF80B7F5-ED4F-4CD8-8797-4D5F09DA4A38}.Release|Any CPU.Build.0 = Release|Any CPU
		{DA4AE685-8DFC-4C14-BAE9-2BA813E4E52F}.Debug|Any CPU.ActiveCfg = Debug|Any CPU
		{DA4AE685-8DFC-4C14-BAE9-2BA813E4E52F}.Debug|Any CPU.Build.0 = Debug|Any CPU
		{DA4AE685-8DFC-4C14-BAE9-2BA813E4E52F}.Release|Any CPU.ActiveCfg = Release|Any CPU
		{DA4AE685-8DFC-4C14-BAE9-2BA813E4E52F}.Release|Any CPU.Build.0 = Release|Any CPU
		{FFDEEA6D-56B6-4924-9653-1FEF3D585168}.Debug|Any CPU.ActiveCfg = Debug|Any CPU
		{FFDEEA6D-56B6-4924-9653-1FEF3D585168}.Debug|Any CPU.Build.0 = Debug|Any CPU
		{FFDEEA6D-56B6-4924-9653-1FEF3D585168}.Release|Any CPU.ActiveCfg = Release|Any CPU
		{FFDEEA6D-56B6-4924-9653-1FEF3D585168}.Release|Any CPU.Build.0 = Release|Any CPU
		{5CD3C230-0A5E-4602-B8D4-1A0AAFBCF3A8}.Debug|Any CPU.ActiveCfg = Debug|Any CPU
		{5CD3C230-0A5E-4602-B8D4-1A0AAFBCF3A8}.Debug|Any CPU.Build.0 = Debug|Any CPU
		{5CD3C230-0A5E-4602-B8D4-1A0AAFBCF3A8}.Release|Any CPU.ActiveCfg = Release|Any CPU
		{5CD3C230-0A5E-4602-B8D4-1A0AAFBCF3A8}.Release|Any CPU.Build.0 = Release|Any CPU
		{69851E40-5518-4DA4-958D-BD846A1C23F3}.Debug|Any CPU.ActiveCfg = Debug|Any CPU
		{69851E40-5518-4DA4-958D-BD846A1C23F3}.Debug|Any CPU.Build.0 = Debug|Any CPU
		{69851E40-5518-4DA4-958D-BD846A1C23F3}.Release|Any CPU.ActiveCfg = Release|Any CPU
		{69851E40-5518-4DA4-958D-BD846A1C23F3}.Release|Any CPU.Build.0 = Release|Any CPU
		{04416D59-DDB1-4803-B3B9-21E93C31E141}.Debug|Any CPU.ActiveCfg = Debug|Any CPU
		{04416D59-DDB1-4803-B3B9-21E93C31E141}.Debug|Any CPU.Build.0 = Debug|Any CPU
		{04416D59-DDB1-4803-B3B9-21E93C31E141}.Release|Any CPU.ActiveCfg = Release|Any CPU
		{04416D59-DDB1-4803-B3B9-21E93C31E141}.Release|Any CPU.Build.0 = Release|Any CPU
		{B3C09A0B-0F89-4D14-AE14-BF445A8C292D}.Debug|Any CPU.ActiveCfg = Debug|Any CPU
		{B3C09A0B-0F89-4D14-AE14-BF445A8C292D}.Debug|Any CPU.Build.0 = Debug|Any CPU
		{B3C09A0B-0F89-4D14-AE14-BF445A8C292D}.Release|Any CPU.ActiveCfg = Release|Any CPU
		{B3C09A0B-0F89-4D14-AE14-BF445A8C292D}.Release|Any CPU.Build.0 = Release|Any CPU
		{3D32D995-6258-42D2-AE06-0A075CB1B00C}.Debug|Any CPU.ActiveCfg = Debug|Any CPU
		{3D32D995-6258-42D2-AE06-0A075CB1B00C}.Debug|Any CPU.Build.0 = Debug|Any CPU
		{3D32D995-6258-42D2-AE06-0A075CB1B00C}.Release|Any CPU.ActiveCfg = Release|Any CPU
		{3D32D995-6258-42D2-AE06-0A075CB1B00C}.Release|Any CPU.Build.0 = Release|Any CPU
		{5E00B9C9-4C6D-49A6-84BD-4DC7C1938DDD}.Debug|Any CPU.ActiveCfg = Debug|Any CPU
		{5E00B9C9-4C6D-49A6-84BD-4DC7C1938DDD}.Debug|Any CPU.Build.0 = Debug|Any CPU
		{5E00B9C9-4C6D-49A6-84BD-4DC7C1938DDD}.Release|Any CPU.ActiveCfg = Release|Any CPU
		{5E00B9C9-4C6D-49A6-84BD-4DC7C1938DDD}.Release|Any CPU.Build.0 = Release|Any CPU
		{E2CBE2FA-7F7A-47D2-99DB-C0B0B0DD39FE}.Debug|Any CPU.ActiveCfg = Debug|Any CPU
		{E2CBE2FA-7F7A-47D2-99DB-C0B0B0DD39FE}.Debug|Any CPU.Build.0 = Debug|Any CPU
		{E2CBE2FA-7F7A-47D2-99DB-C0B0B0DD39FE}.Release|Any CPU.ActiveCfg = Release|Any CPU
		{E2CBE2FA-7F7A-47D2-99DB-C0B0B0DD39FE}.Release|Any CPU.Build.0 = Release|Any CPU
		{6F1E2DEA-2EF0-4E7F-AE68-1E34A7A148BA}.Debug|Any CPU.ActiveCfg = Debug|Any CPU
		{6F1E2DEA-2EF0-4E7F-AE68-1E34A7A148BA}.Debug|Any CPU.Build.0 = Debug|Any CPU
		{6F1E2DEA-2EF0-4E7F-AE68-1E34A7A148BA}.Release|Any CPU.ActiveCfg = Release|Any CPU
		{6F1E2DEA-2EF0-4E7F-AE68-1E34A7A148BA}.Release|Any CPU.Build.0 = Release|Any CPU
		{83528F3C-C38B-4BB6-80D5-F11CF52584AB}.Debug|Any CPU.ActiveCfg = Debug|Any CPU
		{83528F3C-C38B-4BB6-80D5-F11CF52584AB}.Debug|Any CPU.Build.0 = Debug|Any CPU
		{83528F3C-C38B-4BB6-80D5-F11CF52584AB}.Release|Any CPU.ActiveCfg = Release|Any CPU
		{83528F3C-C38B-4BB6-80D5-F11CF52584AB}.Release|Any CPU.Build.0 = Release|Any CPU
		{EE2E1D9A-9D77-43C8-8DA2-3D3E807AEEA2}.Debug|Any CPU.ActiveCfg = Debug|Any CPU
		{EE2E1D9A-9D77-43C8-8DA2-3D3E807AEEA2}.Debug|Any CPU.Build.0 = Debug|Any CPU
		{EE2E1D9A-9D77-43C8-8DA2-3D3E807AEEA2}.Release|Any CPU.ActiveCfg = Release|Any CPU
		{EE2E1D9A-9D77-43C8-8DA2-3D3E807AEEA2}.Release|Any CPU.Build.0 = Release|Any CPU
	EndGlobalSection
	GlobalSection(SolutionProperties) = preSolution
		HideSolutionNode = FALSE
	EndGlobalSection
	GlobalSection(NestedProjects) = preSolution
		{11700B8F-4350-4224-85C8-BED51BD1CF74} = {929867EE-3D83-4C76-893B-425C28DDF801}
		{354BAEBE-9768-48BC-BD3B-DAEAE3452875} = {929867EE-3D83-4C76-893B-425C28DDF801}
		{9C47FF7C-8C06-49FC-8A5D-9D4100B23F4D} = {929867EE-3D83-4C76-893B-425C28DDF801}
		{CC812E78-9DAD-476C-BB2F-95E9C3BBD727} = {970F2FD6-05BF-45CE-82BE-0C449265508C}
		{10F041C1-56D5-4D00-B4A9-8D8A0B15229F} = {970F2FD6-05BF-45CE-82BE-0C449265508C}
		{D6E95922-0B24-464A-981F-FD5C05D0391A} = {970F2FD6-05BF-45CE-82BE-0C449265508C}
		{11BCD3BC-6F0A-44F9-8D43-38B186BD0123} = {970F2FD6-05BF-45CE-82BE-0C449265508C}
		{C1301872-19AD-4AD9-BD96-5D5460804200} = {970F2FD6-05BF-45CE-82BE-0C449265508C}
		{BC0FC24C-3698-4A5B-A792-058CBDEB0540} = {970F2FD6-05BF-45CE-82BE-0C449265508C}
		{5A7B8960-C33D-4CA1-8403-B6954E70B2FC} = {970F2FD6-05BF-45CE-82BE-0C449265508C}
		{57AAE941-D647-45AC-91BB-EEFB32559859} = {970F2FD6-05BF-45CE-82BE-0C449265508C}
		{3EDAEFBC-4368-4A14-90AE-ECABF9CBB61A} = {970F2FD6-05BF-45CE-82BE-0C449265508C}
		{7A06ACBC-BA5E-4D49-A649-5B38595F52C6} = {970F2FD6-05BF-45CE-82BE-0C449265508C}
		{0C483EA2-3783-4DF8-A415-060A833C187C} = {970F2FD6-05BF-45CE-82BE-0C449265508C}
		{D91943BD-32EA-4908-A1C2-44E2307FD5C7} = {970F2FD6-05BF-45CE-82BE-0C449265508C}
		{EF80B7F5-ED4F-4CD8-8797-4D5F09DA4A38} = {970F2FD6-05BF-45CE-82BE-0C449265508C}
		{DA4AE685-8DFC-4C14-BAE9-2BA813E4E52F} = {970F2FD6-05BF-45CE-82BE-0C449265508C}
		{FFDEEA6D-56B6-4924-9653-1FEF3D585168} = {970F2FD6-05BF-45CE-82BE-0C449265508C}
		{5CD3C230-0A5E-4602-B8D4-1A0AAFBCF3A8} = {970F2FD6-05BF-45CE-82BE-0C449265508C}
		{69851E40-5518-4DA4-958D-BD846A1C23F3} = {970F2FD6-05BF-45CE-82BE-0C449265508C}
		{04416D59-DDB1-4803-B3B9-21E93C31E141} = {970F2FD6-05BF-45CE-82BE-0C449265508C}
		{B3C09A0B-0F89-4D14-AE14-BF445A8C292D} = {970F2FD6-05BF-45CE-82BE-0C449265508C}
		{3D32D995-6258-42D2-AE06-0A075CB1B00C} = {970F2FD6-05BF-45CE-82BE-0C449265508C}
		{5E00B9C9-4C6D-49A6-84BD-4DC7C1938DDD} = {970F2FD6-05BF-45CE-82BE-0C449265508C}
		{E2CBE2FA-7F7A-47D2-99DB-C0B0B0DD39FE} = {238F4540-F713-45B0-B621-0F99455B61AC}
		{6F1E2DEA-2EF0-4E7F-AE68-1E34A7A148BA} = {238F4540-F713-45B0-B621-0F99455B61AC}
		{83528F3C-C38B-4BB6-80D5-F11CF52584AB} = {929867EE-3D83-4C76-893B-425C28DDF801}
		{EE2E1D9A-9D77-43C8-8DA2-3D3E807AEEA2} = {929867EE-3D83-4C76-893B-425C28DDF801}
	EndGlobalSection
	GlobalSection(ExtensibilityGlobals) = postSolution
		SolutionGuid = {D40603C3-FA7B-441F-B8FD-3A787DED2959}
	EndGlobalSection
EndGlobal
